
Microsoft Visual Studio Solution File, Format Version 12.00
# Visual Studio 15
VisualStudioVersion = 15.0.28010.2046
MinimumVisualStudioVersion = 10.0.40219.1
Project("{8BC9CEB8-8B4A-11D0-8D11-00A0C91BC942}") = "윈플과제 8-3", "윈플과제 8-3\윈플과제 8-3.vcxproj", "{6EE49D60-DAFC-42E1-B043-44C628ADFE05}"
EndProject
Global
	GlobalSection(SolutionConfigurationPlatforms) = preSolution
		Debug|x64 = Debug|x64
		Debug|x86 = Debug|x86
		Release|x64 = Release|x64
		Release|x86 = Release|x86
	EndGlobalSection
	GlobalSection(ProjectConfigurationPlatforms) = postSolution
		{6EE49D60-DAFC-42E1-B043-44C628ADFE05}.Debug|x64.ActiveCfg = Debug|x64
		{6EE49D60-DAFC-42E1-B043-44C628ADFE05}.Debug|x64.Build.0 = Debug|x64
		{6EE49D60-DAFC-42E1-B043-44C628ADFE05}.Debug|x86.ActiveCfg = Debug|Win32
		{6EE49D60-DAFC-42E1-B043-44C628ADFE05}.Debug|x86.Build.0 = Debug|Win32
		{6EE49D60-DAFC-42E1-B043-44C628ADFE05}.Release|x64.ActiveCfg = Release|x64
		{6EE49D60-DAFC-42E1-B043-44C628ADFE05}.Release|x64.Build.0 = Release|x64
		{6EE49D60-DAFC-42E1-B043-44C628ADFE05}.Release|x86.ActiveCfg = Release|Win32
		{6EE49D60-DAFC-42E1-B043-44C628ADFE05}.Release|x86.Build.0 = Release|Win32
	EndGlobalSection
	GlobalSection(SolutionProperties) = preSolution
		HideSolutionNode = FALSE
	EndGlobalSection
	GlobalSection(ExtensibilityGlobals) = postSolution
		SolutionGuid = {8D8653F0-B408-4AF3-966C-6E58DE5B57E8}
	EndGlobalSection
EndGlobal
