
Microsoft Visual Studio Solution File, Format Version 12.00
# Visual Studio 15
VisualStudioVersion = 15.0.28010.2046
MinimumVisualStudioVersion = 10.0.40219.1
Project("{8BC9CEB8-8B4A-11D0-8D11-00A0C91BC942}") = "자료구조 연결리스트 시험2", "자료구조 연결리스트 시험2\자료구조 연결리스트 시험2.vcxproj", "{150C7458-C2C9-4525-8E9D-65937C1341EE}"
EndProject
Global
	GlobalSection(SolutionConfigurationPlatforms) = preSolution
		Debug|x64 = Debug|x64
		Debug|x86 = Debug|x86
		Release|x64 = Release|x64
		Release|x86 = Release|x86
	EndGlobalSection
	GlobalSection(ProjectConfigurationPlatforms) = postSolution
		{150C7458-C2C9-4525-8E9D-65937C1341EE}.Debug|x64.ActiveCfg = Debug|x64
		{150C7458-C2C9-4525-8E9D-65937C1341EE}.Debug|x64.Build.0 = Debug|x64
		{150C7458-C2C9-4525-8E9D-65937C1341EE}.Debug|x86.ActiveCfg = Debug|Win32
		{150C7458-C2C9-4525-8E9D-65937C1341EE}.Debug|x86.Build.0 = Debug|Win32
		{150C7458-C2C9-4525-8E9D-65937C1341EE}.Release|x64.ActiveCfg = Release|x64
		{150C7458-C2C9-4525-8E9D-65937C1341EE}.Release|x64.Build.0 = Release|x64
		{150C7458-C2C9-4525-8E9D-65937C1341EE}.Release|x86.ActiveCfg = Release|Win32
		{150C7458-C2C9-4525-8E9D-65937C1341EE}.Release|x86.Build.0 = Release|Win32
	EndGlobalSection
	GlobalSection(SolutionProperties) = preSolution
		HideSolutionNode = FALSE
	EndGlobalSection
	GlobalSection(ExtensibilityGlobals) = postSolution
		SolutionGuid = {6C39DC0A-A694-4C60-BA9D-4503AFC3F66F}
	EndGlobalSection
EndGlobal
